
Microsoft Visual Studio Solution File, Format Version 12.00
# Visual Studio Version 16
VisualStudioVersion = 16.0.29911.84
MinimumVisualStudioVersion = 10.0.40219.1
Project("{2150E333-8FDC-42A3-9474-1A3956D46DE8}") = "API", "API", "{F22B41D4-DE9E-4D93-9CF1-A81491B870C8}"
EndProject
Project("{2150E333-8FDC-42A3-9474-1A3956D46DE8}") = "CustomerApplication", "CustomerApplication", "{1D8AC860-05E3-4A9B-A102-CC22CC502428}"
EndProject
Project("{2150E333-8FDC-42A3-9474-1A3956D46DE8}") = "HotelOwnerApplication", "HotelOwnerApplication", "{2E512E0A-6239-4525-9F61-1A5102ADCD45}"
EndProject
Project("{2150E333-8FDC-42A3-9474-1A3956D46DE8}") = "01 Data", "01 Data", "{DF589A8F-B13B-4E2C-A036-A8DCB4DFB6B5}"
EndProject
Project("{2150E333-8FDC-42A3-9474-1A3956D46DE8}") = "02 Dto", "02 Dto", "{97C27BA2-A477-4860-92FC-9E9E343C8932}"
EndProject
Project("{2150E333-8FDC-42A3-9474-1A3956D46DE8}") = "03 IRepository", "03 IRepository", "{7E8FFBF9-9928-4E05-B902-F4C70C5B02AA}"
EndProject
Project("{2150E333-8FDC-42A3-9474-1A3956D46DE8}") = "04 Repository", "04 Repository", "{B47E38CC-70C6-4CD3-9916-5F3CB9E1BE33}"
EndProject
Project("{2150E333-8FDC-42A3-9474-1A3956D46DE8}") = "05 IBusiness", "05 IBusiness", "{0D421B59-D70F-4737-B728-EF474064855F}"
EndProject
Project("{2150E333-8FDC-42A3-9474-1A3956D46DE8}") = "06 Business", "06 Business", "{37A4C27E-909A-4C7F-8E5F-AC184637B4E0}"
EndProject
Project("{2150E333-8FDC-42A3-9474-1A3956D46DE8}") = "07 API", "07 API", "{F1A30AA9-0201-4A15-9608-88F7B22A7AF5}"
EndProject
Project("{FAE04EC0-301F-11D3-BF4B-00C04F79EFBC}") = "HotelManagementDto", "..\HotelManagementDto\HotelManagementDto.csproj", "{928B808D-1873-45AA-9FBE-F12C793FCBF0}"
EndProject
Project("{FAE04EC0-301F-11D3-BF4B-00C04F79EFBC}") = "HotelManagement.IRepository", "..\HotelManagement.IRepository\HotelManagement.IRepository.csproj", "{F7D16A7D-6D09-45DA-9F50-708F3198C744}"
	ProjectSection(ProjectDependencies) = postProject
		{928B808D-1873-45AA-9FBE-F12C793FCBF0} = {928B808D-1873-45AA-9FBE-F12C793FCBF0}
	EndProjectSection
EndProject
Project("{FAE04EC0-301F-11D3-BF4B-00C04F79EFBC}") = "HotelManagement.Repository", "..\HotelManagement.Repository\HotelManagement.Repository.csproj", "{21BCCB16-8F21-4B14-8094-F95B12683B83}"
	ProjectSection(ProjectDependencies) = postProject
		{F7D16A7D-6D09-45DA-9F50-708F3198C744} = {F7D16A7D-6D09-45DA-9F50-708F3198C744}
		{928B808D-1873-45AA-9FBE-F12C793FCBF0} = {928B808D-1873-45AA-9FBE-F12C793FCBF0}
	EndProjectSection
EndProject
Project("{FAE04EC0-301F-11D3-BF4B-00C04F79EFBC}") = "HotelManagement.IBusiness", "..\HotelManagement.IService\HotelManagement.IBusiness.csproj", "{D1D113CF-E337-48F1-9A0B-732814448CBE}"
	ProjectSection(ProjectDependencies) = postProject
		{21BCCB16-8F21-4B14-8094-F95B12683B83} = {21BCCB16-8F21-4B14-8094-F95B12683B83}
		{F7D16A7D-6D09-45DA-9F50-708F3198C744} = {F7D16A7D-6D09-45DA-9F50-708F3198C744}
		{928B808D-1873-45AA-9FBE-F12C793FCBF0} = {928B808D-1873-45AA-9FBE-F12C793FCBF0}
	EndProjectSection
EndProject
Project("{FAE04EC0-301F-11D3-BF4B-00C04F79EFBC}") = "HotelManagement.Business", "..\HotelManagement.Business\HotelManagement.Business.csproj", "{3DB616F9-7FAE-4CEF-8AB5-477661643900}"
	ProjectSection(ProjectDependencies) = postProject
		{21BCCB16-8F21-4B14-8094-F95B12683B83} = {21BCCB16-8F21-4B14-8094-F95B12683B83}
		{F7D16A7D-6D09-45DA-9F50-708F3198C744} = {F7D16A7D-6D09-45DA-9F50-708F3198C744}
		{928B808D-1873-45AA-9FBE-F12C793FCBF0} = {928B808D-1873-45AA-9FBE-F12C793FCBF0}
		{D1D113CF-E337-48F1-9A0B-732814448CBE} = {D1D113CF-E337-48F1-9A0B-732814448CBE}
	EndProjectSection
EndProject
Project("{FAE04EC0-301F-11D3-BF4B-00C04F79EFBC}") = "HotelManagement.Api", "..\HotelManagement.Api\HotelManagement.Api.csproj", "{D4C460CE-2237-4A8A-8B74-331F55289CA1}"
	ProjectSection(ProjectDependencies) = postProject
		{21BCCB16-8F21-4B14-8094-F95B12683B83} = {21BCCB16-8F21-4B14-8094-F95B12683B83}
		{F7D16A7D-6D09-45DA-9F50-708F3198C744} = {F7D16A7D-6D09-45DA-9F50-708F3198C744}
		{928B808D-1873-45AA-9FBE-F12C793FCBF0} = {928B808D-1873-45AA-9FBE-F12C793FCBF0}
		{D1D113CF-E337-48F1-9A0B-732814448CBE} = {D1D113CF-E337-48F1-9A0B-732814448CBE}
		{3DB616F9-7FAE-4CEF-8AB5-477661643900} = {3DB616F9-7FAE-4CEF-8AB5-477661643900}
	EndProjectSection
EndProject
Project("{2150E333-8FDC-42A3-9474-1A3956D46DE8}") = "01 Data", "01 Data", "{AEC84F39-A9B9-4577-A624-24CA96C4E83E}"
EndProject
Project("{2150E333-8FDC-42A3-9474-1A3956D46DE8}") = "02 CustomerPortal", "02 CustomerPortal", "{A61A919F-DEE7-4744-A200-FD9C83914680}"
EndProject
Project("{FAE04EC0-301F-11D3-BF4B-00C04F79EFBC}") = "CustomerData", "..\CustomerData\CustomerData.csproj", "{CA6B4AA8-208A-4AE0-9123-4F22B6939B72}"
EndProject
Project("{FAE04EC0-301F-11D3-BF4B-00C04F79EFBC}") = "CustomerPortal", "..\CustomerPortal\CustomerPortal.csproj", "{B91FF871-31FC-45A7-A7A3-FBBCA5C60B67}"
EndProject
Project("{FAE04EC0-301F-11D3-BF4B-00C04F79EFBC}") = "HotelManagementData", "..\HotelManagementData\HotelManagementData.csproj", "{94A365D4-6E8B-46F0-A57C-2427F120816F}"
EndProject
Global
	GlobalSection(SolutionConfigurationPlatforms) = preSolution
		Debug|Any CPU = Debug|Any CPU
		Release|Any CPU = Release|Any CPU
	EndGlobalSection
	GlobalSection(ProjectConfigurationPlatforms) = postSolution
		{928B808D-1873-45AA-9FBE-F12C793FCBF0}.Debug|Any CPU.ActiveCfg = Debug|Any CPU
		{928B808D-1873-45AA-9FBE-F12C793FCBF0}.Debug|Any CPU.Build.0 = Debug|Any CPU
		{928B808D-1873-45AA-9FBE-F12C793FCBF0}.Release|Any CPU.ActiveCfg = Release|Any CPU
		{928B808D-1873-45AA-9FBE-F12C793FCBF0}.Release|Any CPU.Build.0 = Release|Any CPU
		{F7D16A7D-6D09-45DA-9F50-708F3198C744}.Debug|Any CPU.ActiveCfg = Debug|Any CPU
		{F7D16A7D-6D09-45DA-9F50-708F3198C744}.Debug|Any CPU.Build.0 = Debug|Any CPU
		{F7D16A7D-6D09-45DA-9F50-708F3198C744}.Release|Any CPU.ActiveCfg = Release|Any CPU
		{F7D16A7D-6D09-45DA-9F50-708F3198C744}.Release|Any CPU.Build.0 = Release|Any CPU
		{21BCCB16-8F21-4B14-8094-F95B12683B83}.Debug|Any CPU.ActiveCfg = Debug|Any CPU
		{21BCCB16-8F21-4B14-8094-F95B12683B83}.Debug|Any CPU.Build.0 = Debug|Any CPU
		{21BCCB16-8F21-4B14-8094-F95B12683B83}.Release|Any CPU.ActiveCfg = Release|Any CPU
		{21BCCB16-8F21-4B14-8094-F95B12683B83}.Release|Any CPU.Build.0 = Release|Any CPU
		{D1D113CF-E337-48F1-9A0B-732814448CBE}.Debug|Any CPU.ActiveCfg = Debug|Any CPU
		{D1D113CF-E337-48F1-9A0B-732814448CBE}.Debug|Any CPU.Build.0 = Debug|Any CPU
		{D1D113CF-E337-48F1-9A0B-732814448CBE}.Release|Any CPU.ActiveCfg = Release|Any CPU
		{D1D113CF-E337-48F1-9A0B-732814448CBE}.Release|Any CPU.Build.0 = Release|Any CPU
		{3DB616F9-7FAE-4CEF-8AB5-477661643900}.Debug|Any CPU.ActiveCfg = Debug|Any CPU
		{3DB616F9-7FAE-4CEF-8AB5-477661643900}.Debug|Any CPU.Build.0 = Debug|Any CPU
		{3DB616F9-7FAE-4CEF-8AB5-477661643900}.Release|Any CPU.ActiveCfg = Release|Any CPU
		{3DB616F9-7FAE-4CEF-8AB5-477661643900}.Release|Any CPU.Build.0 = Release|Any CPU
		{D4C460CE-2237-4A8A-8B74-331F55289CA1}.Debug|Any CPU.ActiveCfg = Debug|Any CPU
		{D4C460CE-2237-4A8A-8B74-331F55289CA1}.Debug|Any CPU.Build.0 = Debug|Any CPU
		{D4C460CE-2237-4A8A-8B74-331F55289CA1}.Release|Any CPU.ActiveCfg = Release|Any CPU
		{D4C460CE-2237-4A8A-8B74-331F55289CA1}.Release|Any CPU.Build.0 = Release|Any CPU
		{CA6B4AA8-208A-4AE0-9123-4F22B6939B72}.Debug|Any CPU.ActiveCfg = Debug|Any CPU
		{CA6B4AA8-208A-4AE0-9123-4F22B6939B72}.Debug|Any CPU.Build.0 = Debug|Any CPU
		{CA6B4AA8-208A-4AE0-9123-4F22B6939B72}.Release|Any CPU.ActiveCfg = Release|Any CPU
		{CA6B4AA8-208A-4AE0-9123-4F22B6939B72}.Release|Any CPU.Build.0 = Release|Any CPU
		{B91FF871-31FC-45A7-A7A3-FBBCA5C60B67}.Debug|Any CPU.ActiveCfg = Debug|Any CPU
		{B91FF871-31FC-45A7-A7A3-FBBCA5C60B67}.Debug|Any CPU.Build.0 = Debug|Any CPU
		{B91FF871-31FC-45A7-A7A3-FBBCA5C60B67}.Release|Any CPU.ActiveCfg = Release|Any CPU
		{B91FF871-31FC-45A7-A7A3-FBBCA5C60B67}.Release|Any CPU.Build.0 = Release|Any CPU
		{94A365D4-6E8B-46F0-A57C-2427F120816F}.Debug|Any CPU.ActiveCfg = Debug|Any CPU
		{94A365D4-6E8B-46F0-A57C-2427F120816F}.Debug|Any CPU.Build.0 = Debug|Any CPU
		{94A365D4-6E8B-46F0-A57C-2427F120816F}.Release|Any CPU.ActiveCfg = Release|Any CPU
		{94A365D4-6E8B-46F0-A57C-2427F120816F}.Release|Any CPU.Build.0 = Release|Any CPU
	EndGlobalSection
	GlobalSection(SolutionProperties) = preSolution
		HideSolutionNode = FALSE
	EndGlobalSection
	GlobalSection(NestedProjects) = preSolution
		{DF589A8F-B13B-4E2C-A036-A8DCB4DFB6B5} = {F22B41D4-DE9E-4D93-9CF1-A81491B870C8}
		{97C27BA2-A477-4860-92FC-9E9E343C8932} = {F22B41D4-DE9E-4D93-9CF1-A81491B870C8}
		{7E8FFBF9-9928-4E05-B902-F4C70C5B02AA} = {F22B41D4-DE9E-4D93-9CF1-A81491B870C8}
		{B47E38CC-70C6-4CD3-9916-5F3CB9E1BE33} = {F22B41D4-DE9E-4D93-9CF1-A81491B870C8}
		{0D421B59-D70F-4737-B728-EF474064855F} = {F22B41D4-DE9E-4D93-9CF1-A81491B870C8}
		{37A4C27E-909A-4C7F-8E5F-AC184637B4E0} = {F22B41D4-DE9E-4D93-9CF1-A81491B870C8}
		{F1A30AA9-0201-4A15-9608-88F7B22A7AF5} = {F22B41D4-DE9E-4D93-9CF1-A81491B870C8}
		{928B808D-1873-45AA-9FBE-F12C793FCBF0} = {97C27BA2-A477-4860-92FC-9E9E343C8932}
		{F7D16A7D-6D09-45DA-9F50-708F3198C744} = {7E8FFBF9-9928-4E05-B902-F4C70C5B02AA}
		{21BCCB16-8F21-4B14-8094-F95B12683B83} = {B47E38CC-70C6-4CD3-9916-5F3CB9E1BE33}
		{D1D113CF-E337-48F1-9A0B-732814448CBE} = {0D421B59-D70F-4737-B728-EF474064855F}
		{3DB616F9-7FAE-4CEF-8AB5-477661643900} = {37A4C27E-909A-4C7F-8E5F-AC184637B4E0}
		{D4C460CE-2237-4A8A-8B74-331F55289CA1} = {F1A30AA9-0201-4A15-9608-88F7B22A7AF5}
		{AEC84F39-A9B9-4577-A624-24CA96C4E83E} = {1D8AC860-05E3-4A9B-A102-CC22CC502428}
		{A61A919F-DEE7-4744-A200-FD9C83914680} = {1D8AC860-05E3-4A9B-A102-CC22CC502428}
		{CA6B4AA8-208A-4AE0-9123-4F22B6939B72} = {AEC84F39-A9B9-4577-A624-24CA96C4E83E}
		{B91FF871-31FC-45A7-A7A3-FBBCA5C60B67} = {A61A919F-DEE7-4744-A200-FD9C83914680}
		{94A365D4-6E8B-46F0-A57C-2427F120816F} = {DF589A8F-B13B-4E2C-A036-A8DCB4DFB6B5}
	EndGlobalSection
	GlobalSection(ExtensibilityGlobals) = postSolution
		SolutionGuid = {344D5DDA-CA5A-4305-9FC8-34A9AF3191FD}
	EndGlobalSection
EndGlobal
